
Microsoft Visual Studio Solution File, Format Version 12.00
# Visual Studio 15
VisualStudioVersion = 15.0.27428.2002
MinimumVisualStudioVersion = 10.0.40219.1
Project("{8BC9CEB8-8B4A-11D0-8D11-00A0C91BC942}") = "Amber", "Amber\Amber.vcxproj", "{FD7F0627-F14A-4A11-A42F-1A72988A967F}"
EndProject
Global
	GlobalSection(SolutionConfigurationPlatforms) = preSolution
		Debug|x64 = Debug|x64
		Debug|x86 = Debug|x86
		Release|x64 = Release|x64
		Release|x86 = Release|x86
	EndGlobalSection
	GlobalSection(ProjectConfigurationPlatforms) = postSolution
		{FD7F0627-F14A-4A11-A42F-1A72988A967F}.Debug|x64.ActiveCfg = Debug|x64
		{FD7F0627-F14A-4A11-A42F-1A72988A967F}.Debug|x64.Build.0 = Debug|x64
		{FD7F0627-F14A-4A11-A42F-1A72988A967F}.Debug|x86.ActiveCfg = Debug|Win32
		{FD7F0627-F14A-4A11-A42F-1A72988A967F}.Debug|x86.Build.0 = Debug|Win32
		{FD7F0627-F14A-4A11-A42F-1A72988A967F}.Release|x64.ActiveCfg = Release|x64
		{FD7F0627-F14A-4A11-A42F-1A72988A967F}.Release|x64.Build.0 = Release|x64
		{FD7F0627-F14A-4A11-A42F-1A72988A967F}.Release|x86.ActiveCfg = Release|Win32
		{FD7F0627-F14A-4A11-A42F-1A72988A967F}.Release|x86.Build.0 = Release|Win32
	EndGlobalSection
	GlobalSection(SolutionProperties) = preSolution
		HideSolutionNode = FALSE
	EndGlobalSection
	GlobalSection(ExtensibilityGlobals) = postSolution
		SolutionGuid = {91F18B59-090C-4D78-8BFD-F2AC0DB91698}
	EndGlobalSection
EndGlobal
